<?xml version="1.0" encoding="utf-8"?>
<Project ToolsVersion="4.0" xmlns="http://schemas.microsoft.com/developer/msbuild/2003">
  <ItemGroup>
    <Filter Include="ソース ファイル">
      <UniqueIdentifier>{4FC737F1-C7A5-4376-A066-2A32D752A2FF}</UniqueIdentifier>
      <Extensions>cpp;c;cc;cxx;def;odl;idl;hpj;bat;asm;asmx</Extensions>
    </Filter>
    <Filter Include="ヘッダー ファイル">
      <UniqueIdentifier>{93995380-89BD-4b04-88EB-625FBE52EBFB}</UniqueIdentifier>
      <Extensions>h;hh;hpp;hxx;hm;inl;inc;xsd</Extensions>
    </Filter>
    <Filter Include="リソース ファイル">
      <UniqueIdentifier>{67DA6AB6-F800-4c08-8B7A-83BB121AAD01}</UniqueIdentifier>
      <Extensions>rc;ico;cur;bmp;dlg;rc2;rct;bin;rgs;gif;jpg;jpeg;jpe;resx;tiff;tif;png;wav;mfcribbon-ms</Extensions>
    </Filter>
    <Filter Include="ヘッダー ファイル\interpreter">
      <UniqueIdentifier>{5d5f9f7a-3f7d-4fce-9d1d-252f5a1f8439}</UniqueIdentifier>
    </Filter>
    <Filter Include="ソース ファイル\ActionController">
      <UniqueIdentifier>{384a66eb-e9cf-442b-b2e8-d805d43ee690}</UniqueIdentifier>
    </Filter>
    <Filter Include="ソース ファイル\Factory">
      <UniqueIdentifier>{b555bd99-baae-4c8f-9683-6be805142738}</UniqueIdentifier>
    </Filter>
    <Filter Include="ソース ファイル\Factory\AttackFactory">
      <UniqueIdentifier>{2b66d4c4-01a0-4135-8b35-47cb2b39f4c0}</UniqueIdentifier>
    </Filter>
    <Filter Include="ソース ファイル\Character">
      <UniqueIdentifier>{e4c63605-2044-4640-9f03-a8b9e34453cc}</UniqueIdentifier>
    </Filter>
    <Filter Include="ソース ファイル\Character\EnemyBulletCharacter">
      <UniqueIdentifier>{b5f80d01-bdaa-41bc-a06e-2f6d4dda8039}</UniqueIdentifier>
    </Filter>
    <Filter Include="ソース ファイル\Character\AttackCharacter">
      <UniqueIdentifier>{51db31ef-9263-42a3-b51e-8eba9084cc83}</UniqueIdentifier>
    </Filter>
    <Filter Include="ソース ファイル\Factory\EnemyBulletFactory">
      <UniqueIdentifier>{34b6c80e-9afd-41e5-aed0-5156d5d1e2de}</UniqueIdentifier>
    </Filter>
    <Filter Include="ソース ファイル\Factory\EnemyFactory">
      <UniqueIdentifier>{93736116-4f6f-45ad-947e-e744f4b4c548}</UniqueIdentifier>
    </Filter>
    <Filter Include="ソース ファイル\GameEngine">
      <UniqueIdentifier>{66797eeb-546b-4025-b33e-3aeaed40a0c0}</UniqueIdentifier>
    </Filter>
    <Filter Include="ソース ファイル\Render">
      <UniqueIdentifier>{776de024-d7eb-429a-ab21-1b2d6eaba65a}</UniqueIdentifier>
    </Filter>
    <Filter Include="ソース ファイル\Input">
      <UniqueIdentifier>{1f9215bf-dcda-48a4-b2a4-3ebc3b6befc9}</UniqueIdentifier>
    </Filter>
    <Filter Include="ソース ファイル\Input\GLFWEW">
      <UniqueIdentifier>{ae020cac-847e-4cf0-9c73-7e6f2f34acef}</UniqueIdentifier>
    </Filter>
    <Filter Include="ソース ファイル\Render\Image">
      <UniqueIdentifier>{fd0851ed-d544-49f2-8097-38bc2f4e6a9f}</UniqueIdentifier>
    </Filter>
    <Filter Include="ソース ファイル\LaunchTrigger">
      <UniqueIdentifier>{82c6d89f-49ae-4ee1-adca-18f204c80431}</UniqueIdentifier>
    </Filter>
    <Filter Include="ソース ファイル\Map">
      <UniqueIdentifier>{663e87d8-5a3d-4bf5-b240-4140106f00ca}</UniqueIdentifier>
    </Filter>
    <Filter Include="ソース ファイル\Factory\PlayerFactory">
      <UniqueIdentifier>{2d9c3e72-cf78-49f8-b64c-6e0266247f86}</UniqueIdentifier>
    </Filter>
    <Filter Include="ソース ファイル\Character\PlayerCharacter">
      <UniqueIdentifier>{9b1980a6-1e58-4dec-9f55-4f017c2f2b65}</UniqueIdentifier>
    </Filter>
    <Filter Include="ソース ファイル\Character\EnemyCharacter">
      <UniqueIdentifier>{4ce1b476-0887-4089-842d-ca50e74b9ef6}</UniqueIdentifier>
    </Filter>
    <Filter Include="ソース ファイル\Character\GimmickCharacter">
      <UniqueIdentifier>{3f9176f9-db76-4c95-a760-9685cc727c5c}</UniqueIdentifier>
    </Filter>
    <Filter Include="ソース ファイル\Factory\GimmickFactory">
      <UniqueIdentifier>{40ae094d-d058-40c0-98b9-30dd50ed6402}</UniqueIdentifier>
    </Filter>
    <Filter Include="ソース ファイル\Primitive">
      <UniqueIdentifier>{077936b8-f3c3-49e8-b371-fb1c9d6c6afc}</UniqueIdentifier>
    </Filter>
    <Filter Include="ソース ファイル\System">
      <UniqueIdentifier>{70bdf9f6-da86-4a8c-9065-3ed9da7112b8}</UniqueIdentifier>
    </Filter>
    <Filter Include="ソース ファイル\Sound">
      <UniqueIdentifier>{4c14ce53-a933-45fa-be5a-667e93c7f460}</UniqueIdentifier>
    </Filter>
    <Filter Include="ソース ファイル\Stage">
      <UniqueIdentifier>{32bd7369-00dd-4044-b4d2-e07a23e49d4d}</UniqueIdentifier>
    </Filter>
    <Filter Include="ソース ファイル\AllController">
      <UniqueIdentifier>{76e635b3-e7a4-4f95-8260-08e89660dfdd}</UniqueIdentifier>
    </Filter>
    <Filter Include="ソース ファイル\Scene">
      <UniqueIdentifier>{419788ff-b291-4445-ac3c-3334458b5dc3}</UniqueIdentifier>
    </Filter>
    <Filter Include="ソース ファイル\Scene\GameMainScene">
      <UniqueIdentifier>{8677018b-4ba5-49b0-a2af-e9d109f918aa}</UniqueIdentifier>
    </Filter>
    <Filter Include="ソース ファイル\Scene\TitleScene">
      <UniqueIdentifier>{b7966a61-9811-412b-8f67-3708a2bf7fc9}</UniqueIdentifier>
    </Filter>
    <Filter Include="ソース ファイル\Component">
      <UniqueIdentifier>{aa49e07d-795a-4dad-b304-30475db662ec}</UniqueIdentifier>
    </Filter>
    <Filter Include="ソース ファイル\Component\Collision">
      <UniqueIdentifier>{5dfc2a19-40cf-4ff2-a1c6-8fed6eeecddd}</UniqueIdentifier>
    </Filter>
    <Filter Include="ソース ファイル\Component\Notes">
      <UniqueIdentifier>{2c820135-48ca-4e30-aa89-c251e55ffd99}</UniqueIdentifier>
    </Filter>
    <Filter Include="ソース ファイル\Character\NotesCharacter">
      <UniqueIdentifier>{6d170e57-db16-4817-9914-7110e16b07b9}</UniqueIdentifier>
    </Filter>
    <Filter Include="ソース ファイル\Factory\NotesFactory">
      <UniqueIdentifier>{2d83d253-6192-4bf1-b9c7-ad7b380beea3}</UniqueIdentifier>
    </Filter>
    <Filter Include="ソース ファイル\NotesUI">
      <UniqueIdentifier>{83b63737-c539-429e-9616-11b0d1533350}</UniqueIdentifier>
    </Filter>
    <Filter Include="ソース ファイル\Polygon">
      <UniqueIdentifier>{adb3f76e-6c99-43e4-a6e0-f7be8cbb0814}</UniqueIdentifier>
    </Filter>
    <Filter Include="ソース ファイル\Render\Render">
      <UniqueIdentifier>{554144c0-7a4e-4a9a-b821-ec3372b3e82c}</UniqueIdentifier>
    </Filter>
    <Filter Include="ソース ファイル\Render\RendInfo">
      <UniqueIdentifier>{7fcd67d5-dab4-4505-be73-4006f06b61f3}</UniqueIdentifier>
    </Filter>
  </ItemGroup>
  <ItemGroup>
    <ClCompile Include="Src\main.cpp">
      <Filter>ソース ファイル</Filter>
    </ClCompile>
    <ClCompile Include="Src\interpreter\interpreter2.cpp">
      <Filter>ヘッダー ファイル\interpreter</Filter>
    </ClCompile>
    <ClCompile Include="Src\interpreter\xmlparser.cpp">
      <Filter>ヘッダー ファイル\interpreter</Filter>
    </ClCompile>
    <ClCompile Include="Src\Data\Sound\Sound.cpp">
      <Filter>ソース ファイル\Sound</Filter>
    </ClCompile>
    <ClCompile Include="Src\Data\Stage\Stage.cpp">
      <Filter>ソース ファイル\Stage</Filter>
    </ClCompile>
    <ClCompile Include="Src\Data\ActionController\ActionController.cpp">
      <Filter>ソース ファイル\ActionController</Filter>
    </ClCompile>
    <ClCompile Include="Src\Character\Character.cpp">
      <Filter>ソース ファイル\Character</Filter>
    </ClCompile>
    <ClCompile Include="Src\Character\PlayerCharacter\PlayerCharacter.cpp">
      <Filter>ソース ファイル\Character\PlayerCharacter</Filter>
    </ClCompile>
    <ClCompile Include="Src\Character\GimmickCharacter\GimmickCharacter.cpp">
      <Filter>ソース ファイル\Character\GimmickCharacter</Filter>
    </ClCompile>
    <ClCompile Include="Src\Character\EnemyCharacter\EnemyCharacter.cpp">
      <Filter>ソース ファイル\Character\EnemyCharacter</Filter>
    </ClCompile>
    <ClCompile Include="Src\Character\AttackCharacter\AttackCharacter.cpp">
      <Filter>ソース ファイル\Character\AttackCharacter</Filter>
    </ClCompile>
    <ClCompile Include="Src\Character\EnemyBulletCharacter\EnemyBulletCharacter.cpp">
      <Filter>ソース ファイル\Character\EnemyBulletCharacter</Filter>
    </ClCompile>
    <ClCompile Include="Src\Data\Collision\Collision.cpp">
      <Filter>ソース ファイル\Component\Collision</Filter>
    </ClCompile>
    <ClCompile Include="Src\Data\CollisionArea\CollisionArea.cpp">
      <Filter>ソース ファイル\Component\Collision</Filter>
    </ClCompile>
    <ClCompile Include="Src\Factory\AttackFactory\AttackFactory.cpp">
      <Filter>ソース ファイル\Factory\AttackFactory</Filter>
    </ClCompile>
    <ClCompile Include="Src\Factory\EnemyBulletFactory\EnemyBulletFactory.cpp">
      <Filter>ソース ファイル\Factory\EnemyBulletFactory</Filter>
    </ClCompile>
    <ClCompile Include="Src\Factory\EnemyFactory\EnemyFactory.cpp">
      <Filter>ソース ファイル\Factory\EnemyFactory</Filter>
    </ClCompile>
    <ClCompile Include="Src\Factory\PlayerFactory\PlayerFactory.cpp">
      <Filter>ソース ファイル\Factory\PlayerFactory</Filter>
    </ClCompile>
    <ClCompile Include="Src\GameEngine\GameEngine.cpp">
      <Filter>ソース ファイル\GameEngine</Filter>
    </ClCompile>
    <ClCompile Include="Src\GLFWEW\GLFWEW.cpp">
      <Filter>ソース ファイル\Input\GLFWEW</Filter>
    </ClCompile>
    <ClCompile Include="Src\Data\LaunchTrigger\LaunchTrigger.cpp">
      <Filter>ソース ファイル\LaunchTrigger</Filter>
    </ClCompile>
    <ClCompile Include="Src\Data\Map\Map.cpp">
      <Filter>ソース ファイル\Map</Filter>
    </ClCompile>
    <ClCompile Include="Src\AllController\AllController.cpp">
      <Filter>ソース ファイル\AllController</Filter>
    </ClCompile>
    <ClCompile Include="Src\Image\image.cpp">
      <Filter>ソース ファイル\Render\Image</Filter>
    </ClCompile>
    <ClCompile Include="Src\Scene\Scene.cpp">
      <Filter>ソース ファイル\Scene</Filter>
    </ClCompile>
    <ClCompile Include="Src\Scene\GameMainScene\GameMainScene.cpp">
      <Filter>ソース ファイル\Scene\GameMainScene</Filter>
    </ClCompile>
    <ClCompile Include="Src\Scene\TitleScene\TitleScene.cpp">
      <Filter>ソース ファイル\Scene\TitleScene</Filter>
    </ClCompile>
    <ClCompile Include="Src\Factory\GimmickFactory\GimmickFactory.cpp">
      <Filter>ソース ファイル\Factory\GimmickFactory</Filter>
    </ClCompile>
    <ClCompile Include="Src\Data\Notes\Notes.cpp">
      <Filter>ソース ファイル\Component\Notes</Filter>
    </ClCompile>
    <ClCompile Include="Src\Character\NotesCharacter\NotesCharacter.cpp">
      <Filter>ソース ファイル\Character\NotesCharacter</Filter>
    </ClCompile>
    <ClCompile Include="Src\Factory\NotesFactory\NotesFactory.cpp">
      <Filter>ソース ファイル\Factory\NotesFactory</Filter>
    </ClCompile>
    <ClCompile Include="Src\NotesUI\NotesUI.cpp">
      <Filter>ソース ファイル\NotesUI</Filter>
    </ClCompile>
    <ClCompile Include="Src\Polygon\Polygon.cpp">
      <Filter>ソース ファイル\Polygon</Filter>
    </ClCompile>
    <ClCompile Include="Src\RendTexture\Render.cpp">
      <Filter>ソース ファイル\Render\Render</Filter>
    </ClCompile>
    <ClCompile Include="Src\RendInfo\RendInfo.cpp">
      <Filter>ソース ファイル\Render\RendInfo</Filter>
    </ClCompile>
  </ItemGroup>
  <ItemGroup>
    <None Include="packages.config" />
  </ItemGroup>
  <ItemGroup>
    <ClInclude Include="Src\Constants.h">
      <Filter>ヘッダー ファイル</Filter>
    </ClInclude>
    <ClInclude Include="Src\Physical.h">
      <Filter>ヘッダー ファイル</Filter>
    </ClInclude>
    <ClInclude Include="Src\interpreter\xmlparser.h">
      <Filter>ヘッダー ファイル\interpreter</Filter>
    </ClInclude>
    <ClInclude Include="Src\interpreter\interpreter.h">
      <Filter>ヘッダー ファイル\interpreter</Filter>
    </ClInclude>
    <ClInclude Include="Src\interpreter\Element.h">
      <Filter>ヘッダー ファイル</Filter>
    </ClInclude>
    <ClInclude Include="Src\interpreter\CCTMXTiledMap.h">
      <Filter>ヘッダー ファイル\interpreter</Filter>
    </ClInclude>
    <ClInclude Include="Src\gameInput.h">
      <Filter>ソース ファイル\Input</Filter>
    </ClInclude>
    <ClInclude Include="Src\GamePad.h">
      <Filter>ソース ファイル\Input</Filter>
    </ClInclude>
    <ClInclude Include="Src\public\primitive2d.h">
      <Filter>ソース ファイル\Primitive</Filter>
    </ClInclude>
    <ClInclude Include="Src\Rect.h">
      <Filter>ソース ファイル\Primitive</Filter>
    </ClInclude>
    <ClInclude Include="Src\Vec2.h">
      <Filter>ソース ファイル\Primitive</Filter>
    </ClInclude>
    <ClInclude Include="Src\Vec3.h">
      <Filter>ソース ファイル\Primitive</Filter>
    </ClInclude>
    <ClInclude Include="Src\Vec4.h">
      <Filter>ソース ファイル\Primitive</Filter>
    </ClInclude>
    <ClInclude Include="Src\Data\Sound\Sound.h">
      <Filter>ソース ファイル\Sound</Filter>
    </ClInclude>
    <ClInclude Include="Src\Data\Stage\Stage.h">
      <Filter>ソース ファイル\Stage</Filter>
    </ClInclude>
    <ClInclude Include="Src\Data\ActionController\ActionController.h">
      <Filter>ソース ファイル\ActionController</Filter>
    </ClInclude>
    <ClInclude Include="Src\Character\Character.h">
      <Filter>ソース ファイル\Character</Filter>
    </ClInclude>
    <ClInclude Include="Src\Character\PlayerCharacter\PlayerCharacter.h">
      <Filter>ソース ファイル\Character\PlayerCharacter</Filter>
    </ClInclude>
    <ClInclude Include="Src\Character\GimmickCharacter\GimmickCharacter.h">
      <Filter>ソース ファイル\Character\GimmickCharacter</Filter>
    </ClInclude>
    <ClInclude Include="Src\Character\EnemyCharacter\EnemyCharacter.h">
      <Filter>ソース ファイル\Character\EnemyCharacter</Filter>
    </ClInclude>
    <ClInclude Include="Src\Character\AttackCharacter\AttackCharacter.h">
      <Filter>ソース ファイル\Character\AttackCharacter</Filter>
    </ClInclude>
    <ClInclude Include="Src\Character\EnemyBulletCharacter\EnemyBulletCharacter.h">
      <Filter>ソース ファイル\Character\EnemyBulletCharacter</Filter>
    </ClInclude>
    <ClInclude Include="Src\Data\Collision\Collision.h">
      <Filter>ソース ファイル\Component\Collision</Filter>
    </ClInclude>
    <ClInclude Include="Src\Data\CollisionArea\CollisionArea.h">
      <Filter>ソース ファイル\Component\Collision</Filter>
    </ClInclude>
    <ClInclude Include="Src\Factory\AttackFactory\AttackFactory.h">
      <Filter>ソース ファイル\Factory\AttackFactory</Filter>
    </ClInclude>
    <ClInclude Include="Src\Factory\EnemyBulletFactory\EnemyBulletFactory.h">
      <Filter>ソース ファイル\Factory\EnemyBulletFactory</Filter>
    </ClInclude>
    <ClInclude Include="Src\Factory\EnemyFactory\EnemyFactory.h">
      <Filter>ソース ファイル\Factory\EnemyFactory</Filter>
    </ClInclude>
    <ClInclude Include="Src\Factory\PlayerFactory\PlayerFactory.h">
      <Filter>ソース ファイル\Factory\PlayerFactory</Filter>
    </ClInclude>
    <ClInclude Include="Src\GameEngine\GameEngine.h">
      <Filter>ソース ファイル\GameEngine</Filter>
    </ClInclude>
    <ClInclude Include="Src\GLFWEW\GLFWEW.h">
      <Filter>ソース ファイル\Input\GLFWEW</Filter>
    </ClInclude>
    <ClInclude Include="Src\Data\LaunchTrigger\LaunchTrigger.h">
      <Filter>ソース ファイル\LaunchTrigger</Filter>
    </ClInclude>
    <ClInclude Include="Src\Data\Map\Map.h">
      <Filter>ソース ファイル\Map</Filter>
    </ClInclude>
    <ClInclude Include="Src\AllController\AllController.h">
      <Filter>ソース ファイル\AllController</Filter>
    </ClInclude>
    <ClInclude Include="Src\Image\image.h">
      <Filter>ソース ファイル\Render\Image</Filter>
    </ClInclude>
    <ClInclude Include="Src\Scene\Scene.h">
      <Filter>ソース ファイル\Scene</Filter>
    </ClInclude>
    <ClInclude Include="Src\Scene\GameMainScene\GameMainScene.h">
      <Filter>ソース ファイル\Scene\GameMainScene</Filter>
    </ClInclude>
    <ClInclude Include="Src\Scene\TitleScene\TitleScene.h">
      <Filter>ソース ファイル\Scene\TitleScene</Filter>
    </ClInclude>
    <ClInclude Include="Src\Data\LaunchData\LaunchData.h">
      <Filter>ヘッダー ファイル</Filter>
    </ClInclude>
    <ClInclude Include="Src\Data\FPS.h">
      <Filter>ヘッダー ファイル</Filter>
    </ClInclude>
    <ClInclude Include="Src\Factory\GimmickFactory\GimmickFactory.h">
      <Filter>ソース ファイル\Factory\GimmickFactory</Filter>
    </ClInclude>
    <ClInclude Include="Src\Data\Notes\Notes.h">
      <Filter>ソース ファイル\Component\Notes</Filter>
    </ClInclude>
    <ClInclude Include="Src\Character\NotesCharacter\NotesCharacter.h">
      <Filter>ソース ファイル\Character\NotesCharacter</Filter>
    </ClInclude>
    <ClInclude Include="Src\Factory\NotesFactory\NotesFactory.h">
      <Filter>ソース ファイル\Factory\NotesFactory</Filter>
    </ClInclude>
    <ClInclude Include="Src\NotesUI\NotesUI.h">
      <Filter>ソース ファイル\NotesUI</Filter>
    </ClInclude>
    <ClInclude Include="Src\Polygon\Polygon.h">
      <Filter>ソース ファイル\Polygon</Filter>
    </ClInclude>
    <ClInclude Include="Src\RendTexture\Render.h">
      <Filter>ソース ファイル\Render\Render</Filter>
    </ClInclude>
    <ClInclude Include="Src\RendInfo\RendInfo.h">
      <Filter>ソース ファイル\Render\RendInfo</Filter>
    </ClInclude>
  </ItemGroup>
  <ItemGroup>
    <ResourceCompile Include="WhiteGL.rc">
      <Filter>リソース ファイル</Filter>
    </ResourceCompile>
  </ItemGroup>
</Project>